
Microsoft Visual Studio Solution File, Format Version 12.00
# Visual Studio Version 16
VisualStudioVersion = 16.0.31729.503
MinimumVisualStudioVersion = 10.0.40219.1
Project("{FAE04EC0-301F-11D3-BF4B-00C04F79EFBC}") = "WebApplication3", "WebApplication3.csproj", "{F69530D6-E77F-4E3E-A54A-E3A0D257BADD}"
EndProject
Global
	GlobalSection(SolutionConfigurationPlatforms) = preSolution
		Debug|Any CPU = Debug|Any CPU
		Release|Any CPU = Release|Any CPU
	EndGlobalSection
	GlobalSection(ProjectConfigurationPlatforms) = postSolution
		{F69530D6-E77F-4E3E-A54A-E3A0D257BADD}.Debug|Any CPU.ActiveCfg = Debug|Any CPU
		{F69530D6-E77F-4E3E-A54A-E3A0D257BADD}.Debug|Any CPU.Build.0 = Debug|Any CPU
		{F69530D6-E77F-4E3E-A54A-E3A0D257BADD}.Release|Any CPU.ActiveCfg = Release|Any CPU
		{F69530D6-E77F-4E3E-A54A-E3A0D257BADD}.Release|Any CPU.Build.0 = Release|Any CPU
	EndGlobalSection
	GlobalSection(SolutionProperties) = preSolution
		HideSolutionNode = FALSE
	EndGlobalSection
	GlobalSection(ExtensibilityGlobals) = postSolution
		SolutionGuid = {D7AA13E8-7000-4C35-B224-8FE706CBAAA3}
	EndGlobalSection
EndGlobal
